
Microsoft Visual Studio Solution File, Format Version 12.00
# Visual Studio Version 17
VisualStudioVersion = 17.4.33110.190
MinimumVisualStudioVersion = 10.0.40219.1
Project("{9A19103F-16F7-4668-BE54-9A1E7A4F7556}") = "FigureAreaLib", "FigureAreaLib\FigureAreaLib.csproj", "{AA10E455-C8E6-4004-8F63-C67750BA90C7}"
EndProject
Project("{FAE04EC0-301F-11D3-BF4B-00C04F79EFBC}") = "Unit-Test", "Unit-Test\Unit-Test.csproj", "{90629103-41C1-479A-98D9-8A4AA7CBC709}"
EndProject
Global
	GlobalSection(SolutionConfigurationPlatforms) = preSolution
		Debug|Any CPU = Debug|Any CPU
		Release|Any CPU = Release|Any CPU
	EndGlobalSection
	GlobalSection(ProjectConfigurationPlatforms) = postSolution
		{AA10E455-C8E6-4004-8F63-C67750BA90C7}.Debug|Any CPU.ActiveCfg = Debug|Any CPU
		{AA10E455-C8E6-4004-8F63-C67750BA90C7}.Debug|Any CPU.Build.0 = Debug|Any CPU
		{AA10E455-C8E6-4004-8F63-C67750BA90C7}.Release|Any CPU.ActiveCfg = Release|Any CPU
		{AA10E455-C8E6-4004-8F63-C67750BA90C7}.Release|Any CPU.Build.0 = Release|Any CPU
		{90629103-41C1-479A-98D9-8A4AA7CBC709}.Debug|Any CPU.ActiveCfg = Debug|Any CPU
		{90629103-41C1-479A-98D9-8A4AA7CBC709}.Debug|Any CPU.Build.0 = Debug|Any CPU
		{90629103-41C1-479A-98D9-8A4AA7CBC709}.Release|Any CPU.ActiveCfg = Release|Any CPU
		{90629103-41C1-479A-98D9-8A4AA7CBC709}.Release|Any CPU.Build.0 = Release|Any CPU
	EndGlobalSection
	GlobalSection(SolutionProperties) = preSolution
		HideSolutionNode = FALSE
	EndGlobalSection
	GlobalSection(ExtensibilityGlobals) = postSolution
		SolutionGuid = {6B3B8A7D-14C4-430F-BA67-2251A5544F02}
	EndGlobalSection
EndGlobal
